
Microsoft Visual Studio Solution File, Format Version 12.00
# Visual Studio Version 17
VisualStudioVersion = 17.0.31919.166
MinimumVisualStudioVersion = 10.0.40219.1
Project("{FAE04EC0-301F-11D3-BF4B-00C04F79EFBC}") = "DataGrid3PProdukty", "DataGrid3PProdukty\DataGrid3PProdukty.csproj", "{17EF423B-A99B-4E2E-B728-0F34C517ED68}"
EndProject
Global
	GlobalSection(SolutionConfigurationPlatforms) = preSolution
		Debug|Any CPU = Debug|Any CPU
		Release|Any CPU = Release|Any CPU
	EndGlobalSection
	GlobalSection(ProjectConfigurationPlatforms) = postSolution
		{17EF423B-A99B-4E2E-B728-0F34C517ED68}.Debug|Any CPU.ActiveCfg = Debug|Any CPU
		{17EF423B-A99B-4E2E-B728-0F34C517ED68}.Debug|Any CPU.Build.0 = Debug|Any CPU
		{17EF423B-A99B-4E2E-B728-0F34C517ED68}.Release|Any CPU.ActiveCfg = Release|Any CPU
		{17EF423B-A99B-4E2E-B728-0F34C517ED68}.Release|Any CPU.Build.0 = Release|Any CPU
	EndGlobalSection
	GlobalSection(SolutionProperties) = preSolution
		HideSolutionNode = FALSE
	EndGlobalSection
	GlobalSection(ExtensibilityGlobals) = postSolution
		SolutionGuid = {D472FE36-370F-47D7-BD28-D8C1A21C7E19}
	EndGlobalSection
EndGlobal
